
Microsoft Visual Studio Solution File, Format Version 12.00
# Visual Studio Version 17
VisualStudioVersion = 17.0.31919.166
MinimumVisualStudioVersion = 10.0.40219.1
Project("{FAE04EC0-301F-11D3-BF4B-00C04F79EFBC}") = "QL_SANBAY", "QL_SANBAY\QL_SANBAY.csproj", "{7FEFEC96-4331-404F-B5BE-DEBB6AC25FA1}"
EndProject
Global
	GlobalSection(SolutionConfigurationPlatforms) = preSolution
		Debug|Any CPU = Debug|Any CPU
		Release|Any CPU = Release|Any CPU
	EndGlobalSection
	GlobalSection(ProjectConfigurationPlatforms) = postSolution
		{7FEFEC96-4331-404F-B5BE-DEBB6AC25FA1}.Debug|Any CPU.ActiveCfg = Debug|Any CPU
		{7FEFEC96-4331-404F-B5BE-DEBB6AC25FA1}.Debug|Any CPU.Build.0 = Debug|Any CPU
		{7FEFEC96-4331-404F-B5BE-DEBB6AC25FA1}.Release|Any CPU.ActiveCfg = Release|Any CPU
		{7FEFEC96-4331-404F-B5BE-DEBB6AC25FA1}.Release|Any CPU.Build.0 = Release|Any CPU
	EndGlobalSection
	GlobalSection(SolutionProperties) = preSolution
		HideSolutionNode = FALSE
	EndGlobalSection
	GlobalSection(ExtensibilityGlobals) = postSolution
		SolutionGuid = {CEE1FDC0-69F6-451A-A9DB-8A855A45B606}
	EndGlobalSection
EndGlobal
